
Microsoft Visual Studio Solution File, Format Version 12.00
# Visual Studio Version 17
VisualStudioVersion = 17.14.36221.1 d17.14
MinimumVisualStudioVersion = 10.0.40219.1
Project("{FAE04EC0-301F-11D3-BF4B-00C04F79EFBC}") = "AssignmentC#03", "AssignmentC#03\AssignmentC#03.csproj", "{2C68C56B-7B22-4D7C-AA30-DC47E0552703}"
EndProject
Global
	GlobalSection(SolutionConfigurationPlatforms) = preSolution
		Debug|Any CPU = Debug|Any CPU
		Release|Any CPU = Release|Any CPU
	EndGlobalSection
	GlobalSection(ProjectConfigurationPlatforms) = postSolution
		{2C68C56B-7B22-4D7C-AA30-DC47E0552703}.Debug|Any CPU.ActiveCfg = Debug|Any CPU
		{2C68C56B-7B22-4D7C-AA30-DC47E0552703}.Debug|Any CPU.Build.0 = Debug|Any CPU
		{2C68C56B-7B22-4D7C-AA30-DC47E0552703}.Release|Any CPU.ActiveCfg = Release|Any CPU
		{2C68C56B-7B22-4D7C-AA30-DC47E0552703}.Release|Any CPU.Build.0 = Release|Any CPU
	EndGlobalSection
	GlobalSection(SolutionProperties) = preSolution
		HideSolutionNode = FALSE
	EndGlobalSection
	GlobalSection(ExtensibilityGlobals) = postSolution
		SolutionGuid = {625F4F0B-1F04-4468-9BB8-4FD9C0FBA44C}
	EndGlobalSection
EndGlobal
